
Microsoft Visual Studio Solution File, Format Version 12.00
# Visual Studio Version 16
VisualStudioVersion = 16.0.29709.97
MinimumVisualStudioVersion = 10.0.40219.1
Project("{FAE04EC0-301F-11D3-BF4B-00C04F79EFBC}") = "Weather.Core", "Weather.Core\Weather.Core.csproj", "{03703209-81DB-4481-AC64-B5BDFD559C4D}"
EndProject
Project("{FAE04EC0-301F-11D3-BF4B-00C04F79EFBC}") = "Weather", "Weather.CrossPlatform\Weather.csproj", "{DAA84B41-15BF-49A0-9552-3EF2C91F8378}"
EndProject
Project("{FAE04EC0-301F-11D3-BF4B-00C04F79EFBC}") = "Weather.Benchmark", "Weather.Benchmark\Weather.Benchmark.csproj", "{CE57C521-5D09-4960-832E-05836F14B951}"
EndProject
Global
	GlobalSection(SolutionConfigurationPlatforms) = preSolution
		Debug|Any CPU = Debug|Any CPU
		Release|Any CPU = Release|Any CPU
	EndGlobalSection
	GlobalSection(ProjectConfigurationPlatforms) = postSolution
		{03703209-81DB-4481-AC64-B5BDFD559C4D}.Debug|Any CPU.ActiveCfg = Debug|Any CPU
		{03703209-81DB-4481-AC64-B5BDFD559C4D}.Debug|Any CPU.Build.0 = Debug|Any CPU
		{03703209-81DB-4481-AC64-B5BDFD559C4D}.Release|Any CPU.ActiveCfg = Release|Any CPU
		{03703209-81DB-4481-AC64-B5BDFD559C4D}.Release|Any CPU.Build.0 = Release|Any CPU
		{DAA84B41-15BF-49A0-9552-3EF2C91F8378}.Debug|Any CPU.ActiveCfg = Debug|Any CPU
		{DAA84B41-15BF-49A0-9552-3EF2C91F8378}.Debug|Any CPU.Build.0 = Debug|Any CPU
		{DAA84B41-15BF-49A0-9552-3EF2C91F8378}.Release|Any CPU.ActiveCfg = Release|Any CPU
		{DAA84B41-15BF-49A0-9552-3EF2C91F8378}.Release|Any CPU.Build.0 = Release|Any CPU
		{CE57C521-5D09-4960-832E-05836F14B951}.Debug|Any CPU.ActiveCfg = Debug|Any CPU
		{CE57C521-5D09-4960-832E-05836F14B951}.Debug|Any CPU.Build.0 = Debug|Any CPU
		{CE57C521-5D09-4960-832E-05836F14B951}.Release|Any CPU.ActiveCfg = Release|Any CPU
		{CE57C521-5D09-4960-832E-05836F14B951}.Release|Any CPU.Build.0 = Release|Any CPU
	EndGlobalSection
	GlobalSection(SolutionProperties) = preSolution
		HideSolutionNode = FALSE
	EndGlobalSection
	GlobalSection(ExtensibilityGlobals) = postSolution
		SolutionGuid = {0DB4AD09-3F7C-47B9-A956-8C311BB61853}
	EndGlobalSection
EndGlobal
